// !$*UTF8*$!
{
	archiveVersion = 1;
	classes = {
	};
	objectVersion = 46;
	objects = {

/* Begin PBXBuildFile section */
		91053EFA1DBB4E6D00F988F1 /* RandomColor.framework in Frameworks */ = {isa = PBXBuildFile; fileRef = 91053EF91DBB4E6D00F988F1 /* RandomColor.framework */; };
		910CDB141D9FB6F900FFEE68 /* MGSwipeButtonExtension.swift in Sources */ = {isa = PBXBuildFile; fileRef = 910CDB131D9FB6F900FFEE68 /* MGSwipeButtonExtension.swift */; };
		910DC3601D8CD8910023D906 /* RxDataSources.framework in Frameworks */ = {isa = PBXBuildFile; fileRef = 910DC35F1D8CD8910023D906 /* RxDataSources.framework */; };
		910DC7DD1D91FE200033801A /* UITableViewExtension.swift in Sources */ = {isa = PBXBuildFile; fileRef = 910DC7DB1D91FE200033801A /* UITableViewExtension.swift */; };
		911021E81D9196B700BF7FA7 /* ToDoModel.swift in Sources */ = {isa = PBXBuildFile; fileRef = 911021E71D9196B700BF7FA7 /* ToDoModel.swift */; };
		91287E631DC7812A00F90AED /* GroupModel.swift in Sources */ = {isa = PBXBuildFile; fileRef = 91287E621DC7812A00F90AED /* GroupModel.swift */; };
		91287E661DC7913700F90AED /* GroupViewModel.swift in Sources */ = {isa = PBXBuildFile; fileRef = 91287E651DC7913700F90AED /* GroupViewModel.swift */; };
		912A71691D8D2DB10064275A /* DisplayToDoTableViewCell.swift in Sources */ = {isa = PBXBuildFile; fileRef = 912A71681D8D2DB10064275A /* DisplayToDoTableViewCell.swift */; };
		912E6E861DA35F0C00293DE1 /* UIImageExtension.swift in Sources */ = {isa = PBXBuildFile; fileRef = 912E6E851DA35F0C00293DE1 /* UIImageExtension.swift */; };
		912FB9AA1DB597B80061D77B /* AddGroupViewController.swift in Sources */ = {isa = PBXBuildFile; fileRef = 912FB9A91DB597B80061D77B /* AddGroupViewController.swift */; };
		9186808D1D88C24C00CF5187 /* AppDelegate.swift in Sources */ = {isa = PBXBuildFile; fileRef = 9186808C1D88C24C00CF5187 /* AppDelegate.swift */; };
		918680941D88C24C00CF5187 /* Assets.xcassets in Resources */ = {isa = PBXBuildFile; fileRef = 918680931D88C24C00CF5187 /* Assets.xcassets */; };
		918680971D88C24C00CF5187 /* LaunchScreen.storyboard in Resources */ = {isa = PBXBuildFile; fileRef = 918680951D88C24C00CF5187 /* LaunchScreen.storyboard */; };
		91970D8F1DB12A9900704A27 /* AssociatedObject.swift in Sources */ = {isa = PBXBuildFile; fileRef = 91970D8E1DB12A9900704A27 /* AssociatedObject.swift */; };
		91970D931DB12EA600704A27 /* UIViewExitension.swift in Sources */ = {isa = PBXBuildFile; fileRef = 91970D921DB12EA600704A27 /* UIViewExitension.swift */; };
		91A325A31D956BBD00FDCE6B /* UIStyle.swift in Sources */ = {isa = PBXBuildFile; fileRef = 91A325A21D956BBD00FDCE6B /* UIStyle.swift */; };
		91A325A51D9607A400FDCE6B /* EZSwiftExtensions.framework in Frameworks */ = {isa = PBXBuildFile; fileRef = 91A325A41D9607A400FDCE6B /* EZSwiftExtensions.framework */; };
		91A325A71D965ABF00FDCE6B /* AddToDoTableView.xib in Resources */ = {isa = PBXBuildFile; fileRef = 91A325A61D965ABF00FDCE6B /* AddToDoTableView.xib */; };
		91A325A91D965BB800FDCE6B /* AddToDoTableView.swift in Sources */ = {isa = PBXBuildFile; fileRef = 91A325A81D965BB800FDCE6B /* AddToDoTableView.swift */; };
		91AB019C1DA74F5C0069A3AD /* HomeGroupViewController.swift in Sources */ = {isa = PBXBuildFile; fileRef = 91AB019B1DA74F5C0069A3AD /* HomeGroupViewController.swift */; };
		91AC307B1DC6420B00B8D14A /* ZoomTransitioning.swift in Sources */ = {isa = PBXBuildFile; fileRef = 91AC307A1DC6420B00B8D14A /* ZoomTransitioning.swift */; };
		91AC307D1DC64A9100B8D14A /* EditGroupViewController.swift in Sources */ = {isa = PBXBuildFile; fileRef = 91AC307C1DC64A9100B8D14A /* EditGroupViewController.swift */; };
		91AC307F1DC6B50300B8D14A /* Task.storyboard in Resources */ = {isa = PBXBuildFile; fileRef = 91AC307E1DC6B50300B8D14A /* Task.storyboard */; };
		91AC30811DC6B5D800B8D14A /* Home.storyboard in Resources */ = {isa = PBXBuildFile; fileRef = 91AC30801DC6B5D800B8D14A /* Home.storyboard */; };
		91B9F38A1D9667C300816AE7 /* Then.swift in Sources */ = {isa = PBXBuildFile; fileRef = 91B9F3891D9667C300816AE7 /* Then.swift */; };
		91B9F38D1D97AC0C00816AE7 /* ToDoViewController.swift in Sources */ = {isa = PBXBuildFile; fileRef = 91B9F38C1D97AC0C00816AE7 /* ToDoViewController.swift */; };
		91B9F3901D9C8D7900816AE7 /* MGSwipeTableCell.framework in Frameworks */ = {isa = PBXBuildFile; fileRef = 91B9F38F1D9C8D7900816AE7 /* MGSwipeTableCell.framework */; };
		91BE646E1D955455001C64EC /* InputToDoView.xib in Resources */ = {isa = PBXBuildFile; fileRef = 91BE646D1D955455001C64EC /* InputToDoView.xib */; };
		91BE64701D9558F2001C64EC /* InputToDoView.swift in Sources */ = {isa = PBXBuildFile; fileRef = 91BE646F1D9558F2001C64EC /* InputToDoView.swift */; };
		91C695331D918AE000AC88EB /* SnapKit.framework in Frameworks */ = {isa = PBXBuildFile; fileRef = 91C695321D918AE000AC88EB /* SnapKit.framework */; };
		91C873331D8BC89000FA2EF2 /* ColorsDefine.swift in Sources */ = {isa = PBXBuildFile; fileRef = 91C873301D8BC89000FA2EF2 /* ColorsDefine.swift */; };
		91C873341D8BC89000FA2EF2 /* ImageDefine.swift in Sources */ = {isa = PBXBuildFile; fileRef = 91C873311D8BC89000FA2EF2 /* ImageDefine.swift */; };
		91C873351D8BC89000FA2EF2 /* StoryboardDefine.swift in Sources */ = {isa = PBXBuildFile; fileRef = 91C873321D8BC89000FA2EF2 /* StoryboardDefine.swift */; };
		91C8733C1D8BE6E000FA2EF2 /* RxSwift.framework in Frameworks */ = {isa = PBXBuildFile; fileRef = 91C873381D8BE6E000FA2EF2 /* RxSwift.framework */; };
		91C8733D1D8BE6E000FA2EF2 /* RxCocoa.framework in Frameworks */ = {isa = PBXBuildFile; fileRef = 91C873391D8BE6E000FA2EF2 /* RxCocoa.framework */; };
		91C8733E1D8BE6E000FA2EF2 /* Realm.framework in Frameworks */ = {isa = PBXBuildFile; fileRef = 91C8733A1D8BE6E000FA2EF2 /* Realm.framework */; };
		91C8733F1D8BE6E000FA2EF2 /* RealmSwift.framework in Frameworks */ = {isa = PBXBuildFile; fileRef = 91C8733B1D8BE6E000FA2EF2 /* RealmSwift.framework */; };
		91CB03061DA34B7700028EB8 /* HomeGroupCollectionViewCell.swift in Sources */ = {isa = PBXBuildFile; fileRef = 91CB03041DA34B7700028EB8 /* HomeGroupCollectionViewCell.swift */; };
		91CB03071DA34B7700028EB8 /* HomeGroupCollectionViewCell.xib in Resources */ = {isa = PBXBuildFile; fileRef = 91CB03051DA34B7700028EB8 /* HomeGroupCollectionViewCell.xib */; };
		91CB030C1DA3563C00028EB8 /* HomeGroupCollectionReusableView.swift in Sources */ = {isa = PBXBuildFile; fileRef = 91CB030A1DA3563C00028EB8 /* HomeGroupCollectionReusableView.swift */; };
		91CB030D1DA3563C00028EB8 /* HomeGroupCollectionReusableView.xib in Resources */ = {isa = PBXBuildFile; fileRef = 91CB030B1DA3563C00028EB8 /* HomeGroupCollectionReusableView.xib */; };
		91D404A91DC78434002C1762 /* UIColorExtensions.swift in Sources */ = {isa = PBXBuildFile; fileRef = 91D404A81DC78434002C1762 /* UIColorExtensions.swift */; };
		91D7011C1D8CCA3C006E5741 /* HomeTableViewVM.swift in Sources */ = {isa = PBXBuildFile; fileRef = 91D7011B1D8CCA3C006E5741 /* HomeTableViewVM.swift */; };
		91E1278F1D9416CF0043B693 /* RxRealm.framework in Frameworks */ = {isa = PBXBuildFile; fileRef = 91E1278E1D9416CF0043B693 /* RxRealm.framework */; };
		F1BF969FE26448E92C48E525 /* Pods_LetToDo.framework in Frameworks */ = {isa = PBXBuildFile; fileRef = FDB39BCEFF15381652C8273C /* Pods_LetToDo.framework */; };
/* End PBXBuildFile section */

/* Begin PBXCopyFilesBuildPhase section */
		9116538A1DA4AF4F00C094DC /* Embed Frameworks */ = {
			isa = PBXCopyFilesBuildPhase;
			buildActionMask = 2147483647;
			dstPath = "";
			dstSubfolderSpec = 10;
			files = (
			);
			name = "Embed Frameworks";
			runOnlyForDeploymentPostprocessing = 0;
		};
/* End PBXCopyFilesBuildPhase section */

/* Begin PBXFileReference section */
		252FFFF8CFC404B0760CA4BB /* Pods-LetToDo.release.xcconfig */ = {isa = PBXFileReference; includeInIndex = 1; lastKnownFileType = text.xcconfig; name = "Pods-LetToDo.release.xcconfig"; path = "Pods/Target Support Files/Pods-LetToDo/Pods-LetToDo.release.xcconfig"; sourceTree = "<group>"; };
		91053EF91DBB4E6D00F988F1 /* RandomColor.framework */ = {isa = PBXFileReference; lastKnownFileType = wrapper.framework; name = RandomColor.framework; path = Carthage/Build/iOS/RandomColor.framework; sourceTree = "<group>"; };
		910CDB131D9FB6F900FFEE68 /* MGSwipeButtonExtension.swift */ = {isa = PBXFileReference; fileEncoding = 4; lastKnownFileType = sourcecode.swift; path = MGSwipeButtonExtension.swift; sourceTree = "<group>"; };
		910DC35F1D8CD8910023D906 /* RxDataSources.framework */ = {isa = PBXFileReference; lastKnownFileType = wrapper.framework; name = RxDataSources.framework; path = Carthage/Build/iOS/RxDataSources.framework; sourceTree = "<group>"; };
		910DC7DB1D91FE200033801A /* UITableViewExtension.swift */ = {isa = PBXFileReference; fileEncoding = 4; lastKnownFileType = sourcecode.swift; path = UITableViewExtension.swift; sourceTree = "<group>"; };
		911021E71D9196B700BF7FA7 /* ToDoModel.swift */ = {isa = PBXFileReference; fileEncoding = 4; lastKnownFileType = sourcecode.swift; path = ToDoModel.swift; sourceTree = "<group>"; };
		91287E621DC7812A00F90AED /* GroupModel.swift */ = {isa = PBXFileReference; fileEncoding = 4; lastKnownFileType = sourcecode.swift; path = GroupModel.swift; sourceTree = "<group>"; };
		91287E651DC7913700F90AED /* GroupViewModel.swift */ = {isa = PBXFileReference; fileEncoding = 4; lastKnownFileType = sourcecode.swift; path = GroupViewModel.swift; sourceTree = "<group>"; };
		912A71681D8D2DB10064275A /* DisplayToDoTableViewCell.swift */ = {isa = PBXFileReference; fileEncoding = 4; lastKnownFileType = sourcecode.swift; path = DisplayToDoTableViewCell.swift; sourceTree = "<group>"; };
		912E6E851DA35F0C00293DE1 /* UIImageExtension.swift */ = {isa = PBXFileReference; fileEncoding = 4; lastKnownFileType = sourcecode.swift; path = UIImageExtension.swift; sourceTree = "<group>"; };
		912FB9A91DB597B80061D77B /* AddGroupViewController.swift */ = {isa = PBXFileReference; fileEncoding = 4; lastKnownFileType = sourcecode.swift; path = AddGroupViewController.swift; sourceTree = "<group>"; };
		918680891D88C24C00CF5187 /* LetToDo.app */ = {isa = PBXFileReference; explicitFileType = wrapper.application; includeInIndex = 0; path = LetToDo.app; sourceTree = BUILT_PRODUCTS_DIR; };
		9186808C1D88C24C00CF5187 /* AppDelegate.swift */ = {isa = PBXFileReference; lastKnownFileType = sourcecode.swift; path = AppDelegate.swift; sourceTree = "<group>"; };
		918680931D88C24C00CF5187 /* Assets.xcassets */ = {isa = PBXFileReference; lastKnownFileType = folder.assetcatalog; path = Assets.xcassets; sourceTree = "<group>"; };
		918680961D88C24C00CF5187 /* Base */ = {isa = PBXFileReference; lastKnownFileType = file.storyboard; name = Base; path = Base.lproj/LaunchScreen.storyboard; sourceTree = "<group>"; };
		918680981D88C24C00CF5187 /* Info.plist */ = {isa = PBXFileReference; lastKnownFileType = text.plist.xml; path = Info.plist; sourceTree = "<group>"; };
		91970D8E1DB12A9900704A27 /* AssociatedObject.swift */ = {isa = PBXFileReference; fileEncoding = 4; lastKnownFileType = sourcecode.swift; path = AssociatedObject.swift; sourceTree = "<group>"; };
		91970D921DB12EA600704A27 /* UIViewExitension.swift */ = {isa = PBXFileReference; fileEncoding = 4; lastKnownFileType = sourcecode.swift; path = UIViewExitension.swift; sourceTree = "<group>"; };
		91A325A21D956BBD00FDCE6B /* UIStyle.swift */ = {isa = PBXFileReference; fileEncoding = 4; lastKnownFileType = sourcecode.swift; path = UIStyle.swift; sourceTree = "<group>"; };
		91A325A41D9607A400FDCE6B /* EZSwiftExtensions.framework */ = {isa = PBXFileReference; lastKnownFileType = wrapper.framework; name = EZSwiftExtensions.framework; path = Carthage/Build/iOS/EZSwiftExtensions.framework; sourceTree = "<group>"; };
		91A325A61D965ABF00FDCE6B /* AddToDoTableView.xib */ = {isa = PBXFileReference; fileEncoding = 4; lastKnownFileType = file.xib; path = AddToDoTableView.xib; sourceTree = "<group>"; };
		91A325A81D965BB800FDCE6B /* AddToDoTableView.swift */ = {isa = PBXFileReference; fileEncoding = 4; lastKnownFileType = sourcecode.swift; path = AddToDoTableView.swift; sourceTree = "<group>"; };
		91AB019B1DA74F5C0069A3AD /* HomeGroupViewController.swift */ = {isa = PBXFileReference; fileEncoding = 4; lastKnownFileType = sourcecode.swift; path = HomeGroupViewController.swift; sourceTree = "<group>"; };
		91AC307A1DC6420B00B8D14A /* ZoomTransitioning.swift */ = {isa = PBXFileReference; fileEncoding = 4; lastKnownFileType = sourcecode.swift; path = ZoomTransitioning.swift; sourceTree = "<group>"; };
		91AC307C1DC64A9100B8D14A /* EditGroupViewController.swift */ = {isa = PBXFileReference; fileEncoding = 4; lastKnownFileType = sourcecode.swift; path = EditGroupViewController.swift; sourceTree = "<group>"; };
		91AC307E1DC6B50300B8D14A /* Task.storyboard */ = {isa = PBXFileReference; fileEncoding = 4; lastKnownFileType = file.storyboard; path = Task.storyboard; sourceTree = "<group>"; };
		91AC30801DC6B5D800B8D14A /* Home.storyboard */ = {isa = PBXFileReference; fileEncoding = 4; lastKnownFileType = file.storyboard; path = Home.storyboard; sourceTree = "<group>"; };
		91B9F3891D9667C300816AE7 /* Then.swift */ = {isa = PBXFileReference; fileEncoding = 4; lastKnownFileType = sourcecode.swift; path = Then.swift; sourceTree = "<group>"; };
		91B9F38C1D97AC0C00816AE7 /* ToDoViewController.swift */ = {isa = PBXFileReference; fileEncoding = 4; lastKnownFileType = sourcecode.swift; path = ToDoViewController.swift; sourceTree = "<group>"; };
		91B9F38F1D9C8D7900816AE7 /* MGSwipeTableCell.framework */ = {isa = PBXFileReference; lastKnownFileType = wrapper.framework; name = MGSwipeTableCell.framework; path = Carthage/Build/iOS/MGSwipeTableCell.framework; sourceTree = "<group>"; };
		91BE646D1D955455001C64EC /* InputToDoView.xib */ = {isa = PBXFileReference; fileEncoding = 4; lastKnownFileType = file.xib; path = InputToDoView.xib; sourceTree = "<group>"; };
		91BE646F1D9558F2001C64EC /* InputToDoView.swift */ = {isa = PBXFileReference; fileEncoding = 4; lastKnownFileType = sourcecode.swift; path = InputToDoView.swift; sourceTree = "<group>"; };
		91C695321D918AE000AC88EB /* SnapKit.framework */ = {isa = PBXFileReference; lastKnownFileType = wrapper.framework; name = SnapKit.framework; path = Carthage/Build/iOS/SnapKit.framework; sourceTree = "<group>"; };
		91C873301D8BC89000FA2EF2 /* ColorsDefine.swift */ = {isa = PBXFileReference; fileEncoding = 4; lastKnownFileType = sourcecode.swift; path = ColorsDefine.swift; sourceTree = "<group>"; };
		91C873311D8BC89000FA2EF2 /* ImageDefine.swift */ = {isa = PBXFileReference; fileEncoding = 4; lastKnownFileType = sourcecode.swift; path = ImageDefine.swift; sourceTree = "<group>"; };
		91C873321D8BC89000FA2EF2 /* StoryboardDefine.swift */ = {isa = PBXFileReference; fileEncoding = 4; lastKnownFileType = sourcecode.swift; path = StoryboardDefine.swift; sourceTree = "<group>"; };
		91C873381D8BE6E000FA2EF2 /* RxSwift.framework */ = {isa = PBXFileReference; lastKnownFileType = wrapper.framework; name = RxSwift.framework; path = Carthage/Build/iOS/RxSwift.framework; sourceTree = "<group>"; };
		91C873391D8BE6E000FA2EF2 /* RxCocoa.framework */ = {isa = PBXFileReference; lastKnownFileType = wrapper.framework; name = RxCocoa.framework; path = Carthage/Build/iOS/RxCocoa.framework; sourceTree = "<group>"; };
		91C8733A1D8BE6E000FA2EF2 /* Realm.framework */ = {isa = PBXFileReference; lastKnownFileType = wrapper.framework; name = Realm.framework; path = Carthage/Build/iOS/Realm.framework; sourceTree = "<group>"; };
		91C8733B1D8BE6E000FA2EF2 /* RealmSwift.framework */ = {isa = PBXFileReference; lastKnownFileType = wrapper.framework; name = RealmSwift.framework; path = Carthage/Build/iOS/RealmSwift.framework; sourceTree = "<group>"; };
		91CB03041DA34B7700028EB8 /* HomeGroupCollectionViewCell.swift */ = {isa = PBXFileReference; fileEncoding = 4; lastKnownFileType = sourcecode.swift; path = HomeGroupCollectionViewCell.swift; sourceTree = "<group>"; };
		91CB03051DA34B7700028EB8 /* HomeGroupCollectionViewCell.xib */ = {isa = PBXFileReference; fileEncoding = 4; lastKnownFileType = file.xib; path = HomeGroupCollectionViewCell.xib; sourceTree = "<group>"; };
		91CB030A1DA3563C00028EB8 /* HomeGroupCollectionReusableView.swift */ = {isa = PBXFileReference; fileEncoding = 4; lastKnownFileType = sourcecode.swift; path = HomeGroupCollectionReusableView.swift; sourceTree = "<group>"; };
		91CB030B1DA3563C00028EB8 /* HomeGroupCollectionReusableView.xib */ = {isa = PBXFileReference; fileEncoding = 4; lastKnownFileType = file.xib; path = HomeGroupCollectionReusableView.xib; sourceTree = "<group>"; };
		91D404A81DC78434002C1762 /* UIColorExtensions.swift */ = {isa = PBXFileReference; fileEncoding = 4; lastKnownFileType = sourcecode.swift; path = UIColorExtensions.swift; sourceTree = "<group>"; };
		91D7011B1D8CCA3C006E5741 /* HomeTableViewVM.swift */ = {isa = PBXFileReference; fileEncoding = 4; lastKnownFileType = sourcecode.swift; path = HomeTableViewVM.swift; sourceTree = "<group>"; };
		91E1278E1D9416CF0043B693 /* RxRealm.framework */ = {isa = PBXFileReference; lastKnownFileType = wrapper.framework; name = RxRealm.framework; path = Carthage/Build/iOS/RxRealm.framework; sourceTree = "<group>"; };
		E03A70BF4A1E5440ABCCA0B1 /* Pods-LetToDo.debug.xcconfig */ = {isa = PBXFileReference; includeInIndex = 1; lastKnownFileType = text.xcconfig; name = "Pods-LetToDo.debug.xcconfig"; path = "Pods/Target Support Files/Pods-LetToDo/Pods-LetToDo.debug.xcconfig"; sourceTree = "<group>"; };
		FDB39BCEFF15381652C8273C /* Pods_LetToDo.framework */ = {isa = PBXFileReference; explicitFileType = wrapper.framework; includeInIndex = 0; path = Pods_LetToDo.framework; sourceTree = BUILT_PRODUCTS_DIR; };
/* End PBXFileReference section */

/* Begin PBXFrameworksBuildPhase section */
		918680861D88C24C00CF5187 /* Frameworks */ = {
			isa = PBXFrameworksBuildPhase;
			buildActionMask = 2147483647;
			files = (
				91053EFA1DBB4E6D00F988F1 /* RandomColor.framework in Frameworks */,
				91B9F3901D9C8D7900816AE7 /* MGSwipeTableCell.framework in Frameworks */,
				91A325A51D9607A400FDCE6B /* EZSwiftExtensions.framework in Frameworks */,
				91E1278F1D9416CF0043B693 /* RxRealm.framework in Frameworks */,
				91C8733E1D8BE6E000FA2EF2 /* Realm.framework in Frameworks */,
				91C8733F1D8BE6E000FA2EF2 /* RealmSwift.framework in Frameworks */,
				91C695331D918AE000AC88EB /* SnapKit.framework in Frameworks */,
				910DC3601D8CD8910023D906 /* RxDataSources.framework in Frameworks */,
				91C8733C1D8BE6E000FA2EF2 /* RxSwift.framework in Frameworks */,
				91C8733D1D8BE6E000FA2EF2 /* RxCocoa.framework in Frameworks */,
				F1BF969FE26448E92C48E525 /* Pods_LetToDo.framework in Frameworks */,
			);
			runOnlyForDeploymentPostprocessing = 0;
		};
/* End PBXFrameworksBuildPhase section */

/* Begin PBXGroup section */
		910DC7DA1D91FE200033801A /* UIKit */ = {
			isa = PBXGroup;
			children = (
				910DC7DB1D91FE200033801A /* UITableViewExtension.swift */,
				910CDB131D9FB6F900FFEE68 /* MGSwipeButtonExtension.swift */,
				912E6E851DA35F0C00293DE1 /* UIImageExtension.swift */,
				91970D921DB12EA600704A27 /* UIViewExitension.swift */,
				91D404A81DC78434002C1762 /* UIColorExtensions.swift */,
			);
			path = UIKit;
			sourceTree = "<group>";
		};
		911021E61D91962A00BF7FA7 /* Model */ = {
			isa = PBXGroup;
			children = (
				911021E71D9196B700BF7FA7 /* ToDoModel.swift */,
			);
			path = Model;
			sourceTree = "<group>";
		};
		91287E611DC7808800F90AED /* Model */ = {
			isa = PBXGroup;
			children = (
				91287E621DC7812A00F90AED /* GroupModel.swift */,
			);
			path = Model;
			sourceTree = "<group>";
		};
		91287E641DC7911C00F90AED /* ViewModel */ = {
			isa = PBXGroup;
			children = (
				91287E651DC7913700F90AED /* GroupViewModel.swift */,
			);
			path = ViewModel;
			sourceTree = "<group>";
		};
		918680801D88C24C00CF5187 = {
			isa = PBXGroup;
			children = (
				9186808B1D88C24C00CF5187 /* LetToDo */,
				9186808A1D88C24C00CF5187 /* Products */,
				91C873371D8BE6E000FA2EF2 /* Frameworks */,
				9B67CE934D975D6E66DCAAE1 /* Pods */,
			);
			sourceTree = "<group>";
		};
		9186808A1D88C24C00CF5187 /* Products */ = {
			isa = PBXGroup;
			children = (
				918680891D88C24C00CF5187 /* LetToDo.app */,
			);
			name = Products;
			sourceTree = "<group>";
		};
		9186808B1D88C24C00CF5187 /* LetToDo */ = {
			isa = PBXGroup;
			children = (
				91AC30791DC641E000B8D14A /* Transitioning */,
				91C873361D8BCFDC00FA2EF2 /* Protocol */,
				91C8732D1D8BC38E00FA2EF2 /* Define */,
				91970D8D1DB12A7D00704A27 /* Foundation */,
				91C8732C1D8BBFD100FA2EF2 /* Extensions */,
				91AEB79E1DA335F300BDB7B4 /* Home */,
				91DA7E1B1D8AE1D700E1C38E /* Task */,
				9186808C1D88C24C00CF5187 /* AppDelegate.swift */,
				918680931D88C24C00CF5187 /* Assets.xcassets */,
				918680951D88C24C00CF5187 /* LaunchScreen.storyboard */,
				918680981D88C24C00CF5187 /* Info.plist */,
			);
			path = LetToDo;
			sourceTree = "<group>";
		};
		91970D8D1DB12A7D00704A27 /* Foundation */ = {
			isa = PBXGroup;
			children = (
				91970D8E1DB12A9900704A27 /* AssociatedObject.swift */,
			);
			name = Foundation;
			path = LetToDo/Foundation;
			sourceTree = SOURCE_ROOT;
		};
		91AB019A1DA74F450069A3AD /* Controller */ = {
			isa = PBXGroup;
			children = (
				91AB019B1DA74F5C0069A3AD /* HomeGroupViewController.swift */,
				912FB9A91DB597B80061D77B /* AddGroupViewController.swift */,
				91AC307C1DC64A9100B8D14A /* EditGroupViewController.swift */,
			);
			path = Controller;
			sourceTree = "<group>";
		};
		91AC30791DC641E000B8D14A /* Transitioning */ = {
			isa = PBXGroup;
			children = (
				91AC307A1DC6420B00B8D14A /* ZoomTransitioning.swift */,
			);
			path = Transitioning;
			sourceTree = "<group>";
		};
		91AEB79E1DA335F300BDB7B4 /* Home */ = {
			isa = PBXGroup;
			children = (
				91287E641DC7911C00F90AED /* ViewModel */,
				91287E611DC7808800F90AED /* Model */,
				91AB019A1DA74F450069A3AD /* Controller */,
				91CB03011DA34B5B00028EB8 /* View */,
				91AC30801DC6B5D800B8D14A /* Home.storyboard */,
			);
			path = Home;
			sourceTree = "<group>";
		};
		91C8732C1D8BBFD100FA2EF2 /* Extensions */ = {
			isa = PBXGroup;
			children = (
				910DC7DA1D91FE200033801A /* UIKit */,
			);
			path = Extensions;
			sourceTree = "<group>";
		};
		91C8732D1D8BC38E00FA2EF2 /* Define */ = {
			isa = PBXGroup;
			children = (
				91C873301D8BC89000FA2EF2 /* ColorsDefine.swift */,
				91C873311D8BC89000FA2EF2 /* ImageDefine.swift */,
				91C873321D8BC89000FA2EF2 /* StoryboardDefine.swift */,
			);
			path = Define;
			sourceTree = "<group>";
		};
		91C873361D8BCFDC00FA2EF2 /* Protocol */ = {
			isa = PBXGroup;
			children = (
				91A325A21D956BBD00FDCE6B /* UIStyle.swift */,
				91B9F3891D9667C300816AE7 /* Then.swift */,
			);
			name = Protocol;
			path = Procotol;
			sourceTree = "<group>";
		};
		91C873371D8BE6E000FA2EF2 /* Frameworks */ = {
			isa = PBXGroup;
			children = (
				91053EF91DBB4E6D00F988F1 /* RandomColor.framework */,
				91B9F38F1D9C8D7900816AE7 /* MGSwipeTableCell.framework */,
				91A325A41D9607A400FDCE6B /* EZSwiftExtensions.framework */,
				91E1278E1D9416CF0043B693 /* RxRealm.framework */,
				91C695321D918AE000AC88EB /* SnapKit.framework */,
				910DC35F1D8CD8910023D906 /* RxDataSources.framework */,
				91C873381D8BE6E000FA2EF2 /* RxSwift.framework */,
				91C873391D8BE6E000FA2EF2 /* RxCocoa.framework */,
				91C8733A1D8BE6E000FA2EF2 /* Realm.framework */,
				91C8733B1D8BE6E000FA2EF2 /* RealmSwift.framework */,
				FDB39BCEFF15381652C8273C /* Pods_LetToDo.framework */,
			);
			name = Frameworks;
			sourceTree = "<group>";
		};
		91C873411D8BED9A00FA2EF2 /* View */ = {
			isa = PBXGroup;
			children = (
				912A71681D8D2DB10064275A /* DisplayToDoTableViewCell.swift */,
				91BE646D1D955455001C64EC /* InputToDoView.xib */,
				91BE646F1D9558F2001C64EC /* InputToDoView.swift */,
				91A325A61D965ABF00FDCE6B /* AddToDoTableView.xib */,
				91A325A81D965BB800FDCE6B /* AddToDoTableView.swift */,
			);
			path = View;
			sourceTree = "<group>";
		};
		91CB03011DA34B5B00028EB8 /* View */ = {
			isa = PBXGroup;
			children = (
				91CB03041DA34B7700028EB8 /* HomeGroupCollectionViewCell.swift */,
				91CB03051DA34B7700028EB8 /* HomeGroupCollectionViewCell.xib */,
				91CB030A1DA3563C00028EB8 /* HomeGroupCollectionReusableView.swift */,
				91CB030B1DA3563C00028EB8 /* HomeGroupCollectionReusableView.xib */,
			);
			path = View;
			sourceTree = "<group>";
		};
		91D7011A1D8CC9F3006E5741 /* ViewModel */ = {
			isa = PBXGroup;
			children = (
				91D7011B1D8CCA3C006E5741 /* HomeTableViewVM.swift */,
			);
			path = ViewModel;
			sourceTree = "<group>";
		};
		91DA7E1B1D8AE1D700E1C38E /* Task */ = {
			isa = PBXGroup;
			children = (
				91E1278B1D9416280043B693 /* Controller */,
				911021E61D91962A00BF7FA7 /* Model */,
				91D7011A1D8CC9F3006E5741 /* ViewModel */,
				91C873411D8BED9A00FA2EF2 /* View */,
				91AC307E1DC6B50300B8D14A /* Task.storyboard */,
			);
			path = Task;
			sourceTree = "<group>";
		};
		91E1278B1D9416280043B693 /* Controller */ = {
			isa = PBXGroup;
			children = (
				91B9F38C1D97AC0C00816AE7 /* ToDoViewController.swift */,
			);
			path = Controller;
			sourceTree = "<group>";
		};
		9B67CE934D975D6E66DCAAE1 /* Pods */ = {
			isa = PBXGroup;
			children = (
				E03A70BF4A1E5440ABCCA0B1 /* Pods-LetToDo.debug.xcconfig */,
				252FFFF8CFC404B0760CA4BB /* Pods-LetToDo.release.xcconfig */,
			);
			name = Pods;
			sourceTree = "<group>";
		};
/* End PBXGroup section */

/* Begin PBXNativeTarget section */
		918680881D88C24C00CF5187 /* LetToDo */ = {
			isa = PBXNativeTarget;
			buildConfigurationList = 9186809B1D88C24C00CF5187 /* Build configuration list for PBXNativeTarget "LetToDo" */;
			buildPhases = (
				46B321DE528572738FCE9C11 /* [CP] Check Pods Manifest.lock */,
				918680851D88C24C00CF5187 /* Sources */,
				918680861D88C24C00CF5187 /* Frameworks */,
				918680871D88C24C00CF5187 /* Resources */,
				91C873401D8BE7FA00FA2EF2 /* ShellScript */,
				9116538A1DA4AF4F00C094DC /* Embed Frameworks */,
				450FDFD4772663C0E64EED49 /* [CP] Embed Pods Frameworks */,
				E2C576063942C83DB8256DFF /* [CP] Copy Pods Resources */,
			);
			buildRules = (
			);
			dependencies = (
			);
			name = LetToDo;
			productName = LetToDo;
			productReference = 918680891D88C24C00CF5187 /* LetToDo.app */;
			productType = "com.apple.product-type.application";
		};
/* End PBXNativeTarget section */

/* Begin PBXProject section */
		918680811D88C24C00CF5187 /* Project object */ = {
			isa = PBXProject;
			attributes = {
				LastSwiftUpdateCheck = 0800;
				LastUpgradeCheck = 0810;
				ORGANIZATIONNAME = xuemincai;
				TargetAttributes = {
					918680881D88C24C00CF5187 = {
						CreatedOnToolsVersion = 8.0;
						DevelopmentTeam = JZ264TB6A5;
						LastSwiftMigration = 0800;
						ProvisioningStyle = Automatic;
					};
				};
			};
			buildConfigurationList = 918680841D88C24C00CF5187 /* Build configuration list for PBXProject "LetToDo" */;
			compatibilityVersion = "Xcode 3.2";
			developmentRegion = English;
			hasScannedForEncodings = 0;
			knownRegions = (
				en,
				Base,
			);
			mainGroup = 918680801D88C24C00CF5187;
			productRefGroup = 9186808A1D88C24C00CF5187 /* Products */;
			projectDirPath = "";
			projectRoot = "";
			targets = (
				918680881D88C24C00CF5187 /* LetToDo */,
			);
		};
/* End PBXProject section */

/* Begin PBXResourcesBuildPhase section */
		918680871D88C24C00CF5187 /* Resources */ = {
			isa = PBXResourcesBuildPhase;
			buildActionMask = 2147483647;
			files = (
				91A325A71D965ABF00FDCE6B /* AddToDoTableView.xib in Resources */,
				91AC307F1DC6B50300B8D14A /* Task.storyboard in Resources */,
				918680971D88C24C00CF5187 /* LaunchScreen.storyboard in Resources */,
				918680941D88C24C00CF5187 /* Assets.xcassets in Resources */,
				91CB030D1DA3563C00028EB8 /* HomeGroupCollectionReusableView.xib in Resources */,
				91BE646E1D955455001C64EC /* InputToDoView.xib in Resources */,
				91CB03071DA34B7700028EB8 /* HomeGroupCollectionViewCell.xib in Resources */,
				91AC30811DC6B5D800B8D14A /* Home.storyboard in Resources */,
			);
			runOnlyForDeploymentPostprocessing = 0;
		};
/* End PBXResourcesBuildPhase section */

/* Begin PBXShellScriptBuildPhase section */
		450FDFD4772663C0E64EED49 /* [CP] Embed Pods Frameworks */ = {
			isa = PBXShellScriptBuildPhase;
			buildActionMask = 2147483647;
			files = (
			);
			inputPaths = (
			);
			name = "[CP] Embed Pods Frameworks";
			outputPaths = (
			);
			runOnlyForDeploymentPostprocessing = 0;
			shellPath = /bin/sh;
			shellScript = "\"${SRCROOT}/Pods/Target Support Files/Pods-LetToDo/Pods-LetToDo-frameworks.sh\"\n";
			showEnvVarsInLog = 0;
		};
		46B321DE528572738FCE9C11 /* [CP] Check Pods Manifest.lock */ = {
			isa = PBXShellScriptBuildPhase;
			buildActionMask = 2147483647;
			files = (
			);
			inputPaths = (
			);
			name = "[CP] Check Pods Manifest.lock";
			outputPaths = (
			);
			runOnlyForDeploymentPostprocessing = 0;
			shellPath = /bin/sh;
			shellScript = "diff \"${PODS_ROOT}/../Podfile.lock\" \"${PODS_ROOT}/Manifest.lock\" > /dev/null\nif [ $? != 0 ] ; then\n    # print error to STDERR\n    echo \"error: The sandbox is not in sync with the Podfile.lock. Run 'pod install' or update your CocoaPods installation.\" >&2\n    exit 1\nfi\n";
			showEnvVarsInLog = 0;
		};
		91C873401D8BE7FA00FA2EF2 /* ShellScript */ = {
			isa = PBXShellScriptBuildPhase;
			buildActionMask = 2147483647;
			files = (
			);
			inputPaths = (
				"$(SRCROOT)/Carthage/Build/iOS/Realm.framework",
				"$(SRCROOT)/Carthage/Build/iOS/RealmSwift.framework",
				"$(SRCROOT)/Carthage/Build/iOS/RxCocoa.framework",
				"$(SRCROOT)/Carthage/Build/iOS/RxSwift.framework",
				"$(SRCROOT)/Carthage/Build/iOS/RxDataSources.framework",
				"$(SRCROOT)/Carthage/Build/iOS/SnapKit.framework",
				"$(SRCROOT)/Carthage/Build/iOS/RxRealm.framework",
				"$(SRCROOT)/Carthage/Build/iOS/EZSwiftExtensions.framework",
				"$(SRCROOT)/Carthage/Build/iOS/MGSwipeTableCell.framework",
				"$(SRCROOT)/Carthage/Build/iOS/RandomColor.framework",
			);
			outputPaths = (
			);
			runOnlyForDeploymentPostprocessing = 0;
			shellPath = /bin/sh;
			shellScript = "/usr/local/bin/carthage copy-frameworks";
		};
		E2C576063942C83DB8256DFF /* [CP] Copy Pods Resources */ = {
			isa = PBXShellScriptBuildPhase;
			buildActionMask = 2147483647;
			files = (
			);
			inputPaths = (
			);
			name = "[CP] Copy Pods Resources";
			outputPaths = (
			);
			runOnlyForDeploymentPostprocessing = 0;
			shellPath = /bin/sh;
			shellScript = "\"${SRCROOT}/Pods/Target Support Files/Pods-LetToDo/Pods-LetToDo-resources.sh\"\n";
			showEnvVarsInLog = 0;
		};
/* End PBXShellScriptBuildPhase section */

/* Begin PBXSourcesBuildPhase section */
		918680851D88C24C00CF5187 /* Sources */ = {
			isa = PBXSourcesBuildPhase;
			buildActionMask = 2147483647;
			files = (
				91287E661DC7913700F90AED /* GroupViewModel.swift in Sources */,
				912FB9AA1DB597B80061D77B /* AddGroupViewController.swift in Sources */,
				91AC307B1DC6420B00B8D14A /* ZoomTransitioning.swift in Sources */,
				910DC7DD1D91FE200033801A /* UITableViewExtension.swift in Sources */,
				91A325A31D956BBD00FDCE6B /* UIStyle.swift in Sources */,
				912A71691D8D2DB10064275A /* DisplayToDoTableViewCell.swift in Sources */,
				911021E81D9196B700BF7FA7 /* ToDoModel.swift in Sources */,
				9186808D1D88C24C00CF5187 /* AppDelegate.swift in Sources */,
				91BE64701D9558F2001C64EC /* InputToDoView.swift in Sources */,
				91A325A91D965BB800FDCE6B /* AddToDoTableView.swift in Sources */,
				91D404A91DC78434002C1762 /* UIColorExtensions.swift in Sources */,
				91AC307D1DC64A9100B8D14A /* EditGroupViewController.swift in Sources */,
				91C873351D8BC89000FA2EF2 /* StoryboardDefine.swift in Sources */,
				910CDB141D9FB6F900FFEE68 /* MGSwipeButtonExtension.swift in Sources */,
				91B9F38D1D97AC0C00816AE7 /* ToDoViewController.swift in Sources */,
				91C873341D8BC89000FA2EF2 /* ImageDefine.swift in Sources */,
				91970D931DB12EA600704A27 /* UIViewExitension.swift in Sources */,
				91AB019C1DA74F5C0069A3AD /* HomeGroupViewController.swift in Sources */,
				912E6E861DA35F0C00293DE1 /* UIImageExtension.swift in Sources */,
				91287E631DC7812A00F90AED /* GroupModel.swift in Sources */,
				91CB03061DA34B7700028EB8 /* HomeGroupCollectionViewCell.swift in Sources */,
				91C873331D8BC89000FA2EF2 /* ColorsDefine.swift in Sources */,
				91970D8F1DB12A9900704A27 /* AssociatedObject.swift in Sources */,
				91B9F38A1D9667C300816AE7 /* Then.swift in Sources */,
				91CB030C1DA3563C00028EB8 /* HomeGroupCollectionReusableView.swift in Sources */,
				91D7011C1D8CCA3C006E5741 /* HomeTableViewVM.swift in Sources */,
			);
			runOnlyForDeploymentPostprocessing = 0;
		};
/* End PBXSourcesBuildPhase section */

/* Begin PBXVariantGroup section */
		918680951D88C24C00CF5187 /* LaunchScreen.storyboard */ = {
			isa = PBXVariantGroup;
			children = (
				918680961D88C24C00CF5187 /* Base */,
			);
			name = LaunchScreen.storyboard;
			sourceTree = "<group>";
		};
/* End PBXVariantGroup section */

/* Begin XCBuildConfiguration section */
		918680991D88C24C00CF5187 /* Debug */ = {
			isa = XCBuildConfiguration;
			buildSettings = {
				ALWAYS_SEARCH_USER_PATHS = NO;
				CLANG_ANALYZER_NONNULL = YES;
				CLANG_CXX_LANGUAGE_STANDARD = "gnu++0x";
				CLANG_CXX_LIBRARY = "libc++";
				CLANG_ENABLE_MODULES = YES;
				CLANG_ENABLE_OBJC_ARC = YES;
				CLANG_WARN_BOOL_CONVERSION = YES;
				CLANG_WARN_CONSTANT_CONVERSION = YES;
				CLANG_WARN_DIRECT_OBJC_ISA_USAGE = YES_ERROR;
				CLANG_WARN_DOCUMENTATION_COMMENTS = YES;
				CLANG_WARN_EMPTY_BODY = YES;
				CLANG_WARN_ENUM_CONVERSION = YES;
				CLANG_WARN_INFINITE_RECURSION = YES;
				CLANG_WARN_INT_CONVERSION = YES;
				CLANG_WARN_OBJC_ROOT_CLASS = YES_ERROR;
				CLANG_WARN_SUSPICIOUS_MOVE = YES;
				CLANG_WARN_SUSPICIOUS_MOVES = YES;
				CLANG_WARN_UNREACHABLE_CODE = YES;
				CLANG_WARN__DUPLICATE_METHOD_MATCH = YES;
				"CODE_SIGN_IDENTITY[sdk=iphoneos*]" = "iPhone Developer";
				COPY_PHASE_STRIP = NO;
				DEBUG_INFORMATION_FORMAT = dwarf;
				ENABLE_STRICT_OBJC_MSGSEND = YES;
				ENABLE_TESTABILITY = YES;
				GCC_C_LANGUAGE_STANDARD = gnu99;
				GCC_DYNAMIC_NO_PIC = NO;
				GCC_NO_COMMON_BLOCKS = YES;
				GCC_OPTIMIZATION_LEVEL = 0;
				GCC_PREPROCESSOR_DEFINITIONS = (
					"DEBUG=1",
					"$(inherited)",
				);
				GCC_WARN_64_TO_32_BIT_CONVERSION = YES;
				GCC_WARN_ABOUT_RETURN_TYPE = YES_ERROR;
				GCC_WARN_UNDECLARED_SELECTOR = YES;
				GCC_WARN_UNINITIALIZED_AUTOS = YES_AGGRESSIVE;
				GCC_WARN_UNUSED_FUNCTION = YES;
				GCC_WARN_UNUSED_VARIABLE = YES;
				IPHONEOS_DEPLOYMENT_TARGET = 8.1;
				MTL_ENABLE_DEBUG_INFO = YES;
				ONLY_ACTIVE_ARCH = YES;
				SDKROOT = iphoneos;
				SWIFT_ACTIVE_COMPILATION_CONDITIONS = DEBUG;
				SWIFT_OPTIMIZATION_LEVEL = "-Onone";
			};
			name = Debug;
		};
		9186809A1D88C24C00CF5187 /* Release */ = {
			isa = XCBuildConfiguration;
			buildSettings = {
				ALWAYS_SEARCH_USER_PATHS = NO;
				CLANG_ANALYZER_NONNULL = YES;
				CLANG_CXX_LANGUAGE_STANDARD = "gnu++0x";
				CLANG_CXX_LIBRARY = "libc++";
				CLANG_ENABLE_MODULES = YES;
				CLANG_ENABLE_OBJC_ARC = YES;
				CLANG_WARN_BOOL_CONVERSION = YES;
				CLANG_WARN_CONSTANT_CONVERSION = YES;
				CLANG_WARN_DIRECT_OBJC_ISA_USAGE = YES_ERROR;
				CLANG_WARN_DOCUMENTATION_COMMENTS = YES;
				CLANG_WARN_EMPTY_BODY = YES;
				CLANG_WARN_ENUM_CONVERSION = YES;
				CLANG_WARN_INFINITE_RECURSION = YES;
				CLANG_WARN_INT_CONVERSION = YES;
				CLANG_WARN_OBJC_ROOT_CLASS = YES_ERROR;
				CLANG_WARN_SUSPICIOUS_MOVE = YES;
				CLANG_WARN_SUSPICIOUS_MOVES = YES;
				CLANG_WARN_UNREACHABLE_CODE = YES;
				CLANG_WARN__DUPLICATE_METHOD_MATCH = YES;
				"CODE_SIGN_IDENTITY[sdk=iphoneos*]" = "iPhone Developer";
				COPY_PHASE_STRIP = NO;
				DEBUG_INFORMATION_FORMAT = "dwarf-with-dsym";
				ENABLE_NS_ASSERTIONS = NO;
				ENABLE_STRICT_OBJC_MSGSEND = YES;
				GCC_C_LANGUAGE_STANDARD = gnu99;
				GCC_NO_COMMON_BLOCKS = YES;
				GCC_WARN_64_TO_32_BIT_CONVERSION = YES;
				GCC_WARN_ABOUT_RETURN_TYPE = YES_ERROR;
				GCC_WARN_UNDECLARED_SELECTOR = YES;
				GCC_WARN_UNINITIALIZED_AUTOS = YES_AGGRESSIVE;
				GCC_WARN_UNUSED_FUNCTION = YES;
				GCC_WARN_UNUSED_VARIABLE = YES;
				IPHONEOS_DEPLOYMENT_TARGET = 8.1;
				MTL_ENABLE_DEBUG_INFO = NO;
				SDKROOT = iphoneos;
				SWIFT_OPTIMIZATION_LEVEL = "-Owholemodule";
				VALIDATE_PRODUCT = YES;
			};
			name = Release;
		};
		9186809C1D88C24C00CF5187 /* Debug */ = {
			isa = XCBuildConfiguration;
			baseConfigurationReference = E03A70BF4A1E5440ABCCA0B1 /* Pods-LetToDo.debug.xcconfig */;
			buildSettings = {
				ALWAYS_EMBED_SWIFT_STANDARD_LIBRARIES = YES;
				ASSETCATALOG_COMPILER_APPICON_NAME = AppIcon;
				DEVELOPMENT_TEAM = JZ264TB6A5;
				FRAMEWORK_SEARCH_PATHS = (
					"$(inherited)",
					"$(PROJECT_DIR)/Carthage/Build/iOS",
					"$(PROJECT_DIR)/Framework",
				);
				INFOPLIST_FILE = LetToDo/Info.plist;
				LD_RUNPATH_SEARCH_PATHS = "$(inherited) @executable_path/Frameworks";
				OTHER_LDFLAGS = "";
				PRODUCT_BUNDLE_IDENTIFIER = xuemincai.LetToDo;
				PRODUCT_NAME = "$(TARGET_NAME)";
				SWIFT_VERSION = 3.0;
			};
			name = Debug;
		};
		9186809D1D88C24C00CF5187 /* Release */ = {
			isa = XCBuildConfiguration;
			baseConfigurationReference = 252FFFF8CFC404B0760CA4BB /* Pods-LetToDo.release.xcconfig */;
			buildSettings = {
				ALWAYS_EMBED_SWIFT_STANDARD_LIBRARIES = YES;
				ASSETCATALOG_COMPILER_APPICON_NAME = AppIcon;
				DEVELOPMENT_TEAM = JZ264TB6A5;
				FRAMEWORK_SEARCH_PATHS = (
					"$(inherited)",
					"$(PROJECT_DIR)/Carthage/Build/iOS",
					"$(PROJECT_DIR)/Framework",
				);
				INFOPLIST_FILE = LetToDo/Info.plist;
				LD_RUNPATH_SEARCH_PATHS = "$(inherited) @executable_path/Frameworks";
				OTHER_LDFLAGS = "";
				PRODUCT_BUNDLE_IDENTIFIER = xuemincai.LetToDo;
				PRODUCT_NAME = "$(TARGET_NAME)";
				SWIFT_VERSION = 3.0;
			};
			name = Release;
		};
/* End XCBuildConfiguration section */

/* Begin XCConfigurationList section */
		918680841D88C24C00CF5187 /* Build configuration list for PBXProject "LetToDo" */ = {
			isa = XCConfigurationList;
			buildConfigurations = (
				918680991D88C24C00CF5187 /* Debug */,
				9186809A1D88C24C00CF5187 /* Release */,
			);
			defaultConfigurationIsVisible = 0;
			defaultConfigurationName = Release;
		};
		9186809B1D88C24C00CF5187 /* Build configuration list for PBXNativeTarget "LetToDo" */ = {
			isa = XCConfigurationList;
			buildConfigurations = (
				9186809C1D88C24C00CF5187 /* Debug */,
				9186809D1D88C24C00CF5187 /* Release */,
			);
			defaultConfigurationIsVisible = 0;
			defaultConfigurationName = Release;
		};
/* End XCConfigurationList section */
	};
	rootObject = 918680811D88C24C00CF5187 /* Project object */;
}
