// !$*UTF8*$!
{
	archiveVersion = 1;
	classes = {
	};
	objectVersion = 46;
	objects = {

/* Begin PBXBuildFile section */
		9186808D1D88C24C00CF5187 /* AppDelegate.swift in Sources */ = {isa = PBXBuildFile; fileRef = 9186808C1D88C24C00CF5187 /* AppDelegate.swift */; };
		918680921D88C24C00CF5187 /* Main.storyboard in Resources */ = {isa = PBXBuildFile; fileRef = 918680901D88C24C00CF5187 /* Main.storyboard */; };
		918680941D88C24C00CF5187 /* Assets.xcassets in Resources */ = {isa = PBXBuildFile; fileRef = 918680931D88C24C00CF5187 /* Assets.xcassets */; };
		918680971D88C24C00CF5187 /* LaunchScreen.storyboard in Resources */ = {isa = PBXBuildFile; fileRef = 918680951D88C24C00CF5187 /* LaunchScreen.storyboard */; };
		91DA7E1D1D8AE1FC00E1C38E /* HomeTableViewController.swift in Sources */ = {isa = PBXBuildFile; fileRef = 91DA7E1C1D8AE1FC00E1C38E /* HomeTableViewController.swift */; };
/* End PBXBuildFile section */

/* Begin PBXFileReference section */
		918680891D88C24C00CF5187 /* LetToDo.app */ = {isa = PBXFileReference; explicitFileType = wrapper.application; includeInIndex = 0; path = LetToDo.app; sourceTree = BUILT_PRODUCTS_DIR; };
		9186808C1D88C24C00CF5187 /* AppDelegate.swift */ = {isa = PBXFileReference; lastKnownFileType = sourcecode.swift; path = AppDelegate.swift; sourceTree = "<group>"; };
		918680911D88C24C00CF5187 /* Base */ = {isa = PBXFileReference; lastKnownFileType = file.storyboard; name = Base; path = Base.lproj/Main.storyboard; sourceTree = "<group>"; };
		918680931D88C24C00CF5187 /* Assets.xcassets */ = {isa = PBXFileReference; lastKnownFileType = folder.assetcatalog; path = Assets.xcassets; sourceTree = "<group>"; };
		918680961D88C24C00CF5187 /* Base */ = {isa = PBXFileReference; lastKnownFileType = file.storyboard; name = Base; path = Base.lproj/LaunchScreen.storyboard; sourceTree = "<group>"; };
		918680981D88C24C00CF5187 /* Info.plist */ = {isa = PBXFileReference; lastKnownFileType = text.plist.xml; path = Info.plist; sourceTree = "<group>"; };
		91DA7E1C1D8AE1FC00E1C38E /* HomeTableViewController.swift */ = {isa = PBXFileReference; fileEncoding = 4; lastKnownFileType = sourcecode.swift; path = HomeTableViewController.swift; sourceTree = "<group>"; };
/* End PBXFileReference section */

/* Begin PBXFrameworksBuildPhase section */
		918680861D88C24C00CF5187 /* Frameworks */ = {
			isa = PBXFrameworksBuildPhase;
			buildActionMask = 2147483647;
			files = (
			);
			runOnlyForDeploymentPostprocessing = 0;
		};
/* End PBXFrameworksBuildPhase section */

/* Begin PBXGroup section */
		918680801D88C24C00CF5187 = {
			isa = PBXGroup;
			children = (
				9186808B1D88C24C00CF5187 /* LetToDo */,
				9186808A1D88C24C00CF5187 /* Products */,
			);
			sourceTree = "<group>";
		};
		9186808A1D88C24C00CF5187 /* Products */ = {
			isa = PBXGroup;
			children = (
				918680891D88C24C00CF5187 /* LetToDo.app */,
			);
			name = Products;
			sourceTree = "<group>";
		};
		9186808B1D88C24C00CF5187 /* LetToDo */ = {
			isa = PBXGroup;
			children = (
				91DA7E1B1D8AE1D700E1C38E /* Home */,
				9186808C1D88C24C00CF5187 /* AppDelegate.swift */,
				918680901D88C24C00CF5187 /* Main.storyboard */,
				918680931D88C24C00CF5187 /* Assets.xcassets */,
				918680951D88C24C00CF5187 /* LaunchScreen.storyboard */,
				918680981D88C24C00CF5187 /* Info.plist */,
			);
			path = LetToDo;
			sourceTree = "<group>";
		};
		91DA7E1B1D8AE1D700E1C38E /* Home */ = {
			isa = PBXGroup;
			children = (
				91DA7E1C1D8AE1FC00E1C38E /* HomeTableViewController.swift */,
			);
			path = Home;
			sourceTree = "<group>";
		};
/* End PBXGroup section */

/* Begin PBXNativeTarget section */
		918680881D88C24C00CF5187 /* LetToDo */ = {
			isa = PBXNativeTarget;
			buildConfigurationList = 9186809B1D88C24C00CF5187 /* Build configuration list for PBXNativeTarget "LetToDo" */;
			buildPhases = (
				918680851D88C24C00CF5187 /* Sources */,
				918680861D88C24C00CF5187 /* Frameworks */,
				918680871D88C24C00CF5187 /* Resources */,
			);
			buildRules = (
			);
			dependencies = (
			);
			name = LetToDo;
			productName = LetToDo;
			productReference = 918680891D88C24C00CF5187 /* LetToDo.app */;
			productType = "com.apple.product-type.application";
		};
/* End PBXNativeTarget section */

/* Begin PBXProject section */
		918680811D88C24C00CF5187 /* Project object */ = {
			isa = PBXProject;
			attributes = {
				LastSwiftUpdateCheck = 0800;
				LastUpgradeCheck = 0800;
				ORGANIZATIONNAME = xuemincai;
				TargetAttributes = {
					918680881D88C24C00CF5187 = {
						CreatedOnToolsVersion = 8.0;
						LastSwiftMigration = 0800;
						ProvisioningStyle = Automatic;
					};
				};
			};
			buildConfigurationList = 918680841D88C24C00CF5187 /* Build configuration list for PBXProject "LetToDo" */;
			compatibilityVersion = "Xcode 3.2";
			developmentRegion = English;
			hasScannedForEncodings = 0;
			knownRegions = (
				en,
				Base,
			);
			mainGroup = 918680801D88C24C00CF5187;
			productRefGroup = 9186808A1D88C24C00CF5187 /* Products */;
			projectDirPath = "";
			projectRoot = "";
			targets = (
				918680881D88C24C00CF5187 /* LetToDo */,
			);
		};
/* End PBXProject section */

/* Begin PBXResourcesBuildPhase section */
		918680871D88C24C00CF5187 /* Resources */ = {
			isa = PBXResourcesBuildPhase;
			buildActionMask = 2147483647;
			files = (
				918680971D88C24C00CF5187 /* LaunchScreen.storyboard in Resources */,
				918680941D88C24C00CF5187 /* Assets.xcassets in Resources */,
				918680921D88C24C00CF5187 /* Main.storyboard in Resources */,
			);
			runOnlyForDeploymentPostprocessing = 0;
		};
/* End PBXResourcesBuildPhase section */

/* Begin PBXSourcesBuildPhase section */
		918680851D88C24C00CF5187 /* Sources */ = {
			isa = PBXSourcesBuildPhase;
			buildActionMask = 2147483647;
			files = (
				91DA7E1D1D8AE1FC00E1C38E /* HomeTableViewController.swift in Sources */,
				9186808D1D88C24C00CF5187 /* AppDelegate.swift in Sources */,
			);
			runOnlyForDeploymentPostprocessing = 0;
		};
/* End PBXSourcesBuildPhase section */

/* Begin PBXVariantGroup section */
		918680901D88C24C00CF5187 /* Main.storyboard */ = {
			isa = PBXVariantGroup;
			children = (
				918680911D88C24C00CF5187 /* Base */,
			);
			name = Main.storyboard;
			sourceTree = "<group>";
		};
		918680951D88C24C00CF5187 /* LaunchScreen.storyboard */ = {
			isa = PBXVariantGroup;
			children = (
				918680961D88C24C00CF5187 /* Base */,
			);
			name = LaunchScreen.storyboard;
			sourceTree = "<group>";
		};
/* End PBXVariantGroup section */

/* Begin XCBuildConfiguration section */
		918680991D88C24C00CF5187 /* Debug */ = {
			isa = XCBuildConfiguration;
			buildSettings = {
				ALWAYS_SEARCH_USER_PATHS = NO;
				CLANG_ANALYZER_NONNULL = YES;
				CLANG_CXX_LANGUAGE_STANDARD = "gnu++0x";
				CLANG_CXX_LIBRARY = "libc++";
				CLANG_ENABLE_MODULES = YES;
				CLANG_ENABLE_OBJC_ARC = YES;
				CLANG_WARN_BOOL_CONVERSION = YES;
				CLANG_WARN_CONSTANT_CONVERSION = YES;
				CLANG_WARN_DIRECT_OBJC_ISA_USAGE = YES_ERROR;
				CLANG_WARN_DOCUMENTATION_COMMENTS = YES;
				CLANG_WARN_EMPTY_BODY = YES;
				CLANG_WARN_ENUM_CONVERSION = YES;
				CLANG_WARN_INFINITE_RECURSION = YES;
				CLANG_WARN_INT_CONVERSION = YES;
				CLANG_WARN_OBJC_ROOT_CLASS = YES_ERROR;
				CLANG_WARN_SUSPICIOUS_MOVES = YES;
				CLANG_WARN_UNREACHABLE_CODE = YES;
				CLANG_WARN__DUPLICATE_METHOD_MATCH = YES;
				"CODE_SIGN_IDENTITY[sdk=iphoneos*]" = "iPhone Developer";
				COPY_PHASE_STRIP = NO;
				DEBUG_INFORMATION_FORMAT = dwarf;
				ENABLE_STRICT_OBJC_MSGSEND = YES;
				ENABLE_TESTABILITY = YES;
				GCC_C_LANGUAGE_STANDARD = gnu99;
				GCC_DYNAMIC_NO_PIC = NO;
				GCC_NO_COMMON_BLOCKS = YES;
				GCC_OPTIMIZATION_LEVEL = 0;
				GCC_PREPROCESSOR_DEFINITIONS = (
					"DEBUG=1",
					"$(inherited)",
				);
				GCC_WARN_64_TO_32_BIT_CONVERSION = YES;
				GCC_WARN_ABOUT_RETURN_TYPE = YES_ERROR;
				GCC_WARN_UNDECLARED_SELECTOR = YES;
				GCC_WARN_UNINITIALIZED_AUTOS = YES_AGGRESSIVE;
				GCC_WARN_UNUSED_FUNCTION = YES;
				GCC_WARN_UNUSED_VARIABLE = YES;
				IPHONEOS_DEPLOYMENT_TARGET = 10.0;
				MTL_ENABLE_DEBUG_INFO = YES;
				ONLY_ACTIVE_ARCH = YES;
				SDKROOT = iphoneos;
				SWIFT_ACTIVE_COMPILATION_CONDITIONS = DEBUG;
				SWIFT_OPTIMIZATION_LEVEL = "-Onone";
			};
			name = Debug;
		};
		9186809A1D88C24C00CF5187 /* Release */ = {
			isa = XCBuildConfiguration;
			buildSettings = {
				ALWAYS_SEARCH_USER_PATHS = NO;
				CLANG_ANALYZER_NONNULL = YES;
				CLANG_CXX_LANGUAGE_STANDARD = "gnu++0x";
				CLANG_CXX_LIBRARY = "libc++";
				CLANG_ENABLE_MODULES = YES;
				CLANG_ENABLE_OBJC_ARC = YES;
				CLANG_WARN_BOOL_CONVERSION = YES;
				CLANG_WARN_CONSTANT_CONVERSION = YES;
				CLANG_WARN_DIRECT_OBJC_ISA_USAGE = YES_ERROR;
				CLANG_WARN_DOCUMENTATION_COMMENTS = YES;
				CLANG_WARN_EMPTY_BODY = YES;
				CLANG_WARN_ENUM_CONVERSION = YES;
				CLANG_WARN_INFINITE_RECURSION = YES;
				CLANG_WARN_INT_CONVERSION = YES;
				CLANG_WARN_OBJC_ROOT_CLASS = YES_ERROR;
				CLANG_WARN_SUSPICIOUS_MOVES = YES;
				CLANG_WARN_UNREACHABLE_CODE = YES;
				CLANG_WARN__DUPLICATE_METHOD_MATCH = YES;
				"CODE_SIGN_IDENTITY[sdk=iphoneos*]" = "iPhone Developer";
				COPY_PHASE_STRIP = NO;
				DEBUG_INFORMATION_FORMAT = "dwarf-with-dsym";
				ENABLE_NS_ASSERTIONS = NO;
				ENABLE_STRICT_OBJC_MSGSEND = YES;
				GCC_C_LANGUAGE_STANDARD = gnu99;
				GCC_NO_COMMON_BLOCKS = YES;
				GCC_WARN_64_TO_32_BIT_CONVERSION = YES;
				GCC_WARN_ABOUT_RETURN_TYPE = YES_ERROR;
				GCC_WARN_UNDECLARED_SELECTOR = YES;
				GCC_WARN_UNINITIALIZED_AUTOS = YES_AGGRESSIVE;
				GCC_WARN_UNUSED_FUNCTION = YES;
				GCC_WARN_UNUSED_VARIABLE = YES;
				IPHONEOS_DEPLOYMENT_TARGET = 10.0;
				MTL_ENABLE_DEBUG_INFO = NO;
				SDKROOT = iphoneos;
				SWIFT_OPTIMIZATION_LEVEL = "-Owholemodule";
				VALIDATE_PRODUCT = YES;
			};
			name = Release;
		};
		9186809C1D88C24C00CF5187 /* Debug */ = {
			isa = XCBuildConfiguration;
			buildSettings = {
				ASSETCATALOG_COMPILER_APPICON_NAME = AppIcon;
				INFOPLIST_FILE = LetToDo/Info.plist;
				LD_RUNPATH_SEARCH_PATHS = "$(inherited) @executable_path/Frameworks";
				PRODUCT_BUNDLE_IDENTIFIER = xuemincai.LetToDo;
				PRODUCT_NAME = "$(TARGET_NAME)";
				SWIFT_VERSION = 3.0;
			};
			name = Debug;
		};
		9186809D1D88C24C00CF5187 /* Release */ = {
			isa = XCBuildConfiguration;
			buildSettings = {
				ASSETCATALOG_COMPILER_APPICON_NAME = AppIcon;
				INFOPLIST_FILE = LetToDo/Info.plist;
				LD_RUNPATH_SEARCH_PATHS = "$(inherited) @executable_path/Frameworks";
				PRODUCT_BUNDLE_IDENTIFIER = xuemincai.LetToDo;
				PRODUCT_NAME = "$(TARGET_NAME)";
				SWIFT_VERSION = 3.0;
			};
			name = Release;
		};
/* End XCBuildConfiguration section */

/* Begin XCConfigurationList section */
		918680841D88C24C00CF5187 /* Build configuration list for PBXProject "LetToDo" */ = {
			isa = XCConfigurationList;
			buildConfigurations = (
				918680991D88C24C00CF5187 /* Debug */,
				9186809A1D88C24C00CF5187 /* Release */,
			);
			defaultConfigurationIsVisible = 0;
			defaultConfigurationName = Release;
		};
		9186809B1D88C24C00CF5187 /* Build configuration list for PBXNativeTarget "LetToDo" */ = {
			isa = XCConfigurationList;
			buildConfigurations = (
				9186809C1D88C24C00CF5187 /* Debug */,
				9186809D1D88C24C00CF5187 /* Release */,
			);
			defaultConfigurationIsVisible = 0;
			defaultConfigurationName = Release;
		};
/* End XCConfigurationList section */
	};
	rootObject = 918680811D88C24C00CF5187 /* Project object */;
}
