// !$*UTF8*$!
{
	archiveVersion = 1;
	classes = {
	};
	objectVersion = 46;
	objects = {

/* Begin PBXBuildFile section */
		910DC3601D8CD8910023D906 /* RxDataSources.framework in Frameworks */ = {isa = PBXBuildFile; fileRef = 910DC35F1D8CD8910023D906 /* RxDataSources.framework */; };
		912A71671D8D283E0064275A /* UITableViewExtension.swift in Sources */ = {isa = PBXBuildFile; fileRef = 912A71661D8D283E0064275A /* UITableViewExtension.swift */; };
		912A71691D8D2DB10064275A /* DisplayToDoTableViewCell.swift in Sources */ = {isa = PBXBuildFile; fileRef = 912A71681D8D2DB10064275A /* DisplayToDoTableViewCell.swift */; };
		9186808D1D88C24C00CF5187 /* AppDelegate.swift in Sources */ = {isa = PBXBuildFile; fileRef = 9186808C1D88C24C00CF5187 /* AppDelegate.swift */; };
		918680921D88C24C00CF5187 /* Main.storyboard in Resources */ = {isa = PBXBuildFile; fileRef = 918680901D88C24C00CF5187 /* Main.storyboard */; };
		918680941D88C24C00CF5187 /* Assets.xcassets in Resources */ = {isa = PBXBuildFile; fileRef = 918680931D88C24C00CF5187 /* Assets.xcassets */; };
		918680971D88C24C00CF5187 /* LaunchScreen.storyboard in Resources */ = {isa = PBXBuildFile; fileRef = 918680951D88C24C00CF5187 /* LaunchScreen.storyboard */; };
		91C873331D8BC89000FA2EF2 /* ColorsDefine.swift in Sources */ = {isa = PBXBuildFile; fileRef = 91C873301D8BC89000FA2EF2 /* ColorsDefine.swift */; };
		91C873341D8BC89000FA2EF2 /* ImageDefine.swift in Sources */ = {isa = PBXBuildFile; fileRef = 91C873311D8BC89000FA2EF2 /* ImageDefine.swift */; };
		91C873351D8BC89000FA2EF2 /* StoryboardDefine.swift in Sources */ = {isa = PBXBuildFile; fileRef = 91C873321D8BC89000FA2EF2 /* StoryboardDefine.swift */; };
		91C8733C1D8BE6E000FA2EF2 /* RxSwift.framework in Frameworks */ = {isa = PBXBuildFile; fileRef = 91C873381D8BE6E000FA2EF2 /* RxSwift.framework */; };
		91C8733D1D8BE6E000FA2EF2 /* RxCocoa.framework in Frameworks */ = {isa = PBXBuildFile; fileRef = 91C873391D8BE6E000FA2EF2 /* RxCocoa.framework */; };
		91C8733E1D8BE6E000FA2EF2 /* Realm.framework in Frameworks */ = {isa = PBXBuildFile; fileRef = 91C8733A1D8BE6E000FA2EF2 /* Realm.framework */; };
		91C8733F1D8BE6E000FA2EF2 /* RealmSwift.framework in Frameworks */ = {isa = PBXBuildFile; fileRef = 91C8733B1D8BE6E000FA2EF2 /* RealmSwift.framework */; };
		91C873431D8BEDC000FA2EF2 /* AddToDoTableViewCell.swift in Sources */ = {isa = PBXBuildFile; fileRef = 91C873421D8BEDC000FA2EF2 /* AddToDoTableViewCell.swift */; };
		91C873461D8C16E600FA2EF2 /* UITextFieldExtension.swift in Sources */ = {isa = PBXBuildFile; fileRef = 91C873451D8C16E600FA2EF2 /* UITextFieldExtension.swift */; };
		91D7011C1D8CCA3C006E5741 /* HomeTableViewVM.swift in Sources */ = {isa = PBXBuildFile; fileRef = 91D7011B1D8CCA3C006E5741 /* HomeTableViewVM.swift */; };
		91DA7E1D1D8AE1FC00E1C38E /* HomeTableViewController.swift in Sources */ = {isa = PBXBuildFile; fileRef = 91DA7E1C1D8AE1FC00E1C38E /* HomeTableViewController.swift */; };
/* End PBXBuildFile section */

/* Begin PBXFileReference section */
		910DC35F1D8CD8910023D906 /* RxDataSources.framework */ = {isa = PBXFileReference; lastKnownFileType = wrapper.framework; name = RxDataSources.framework; path = Carthage/Build/iOS/RxDataSources.framework; sourceTree = "<group>"; };
		912A71661D8D283E0064275A /* UITableViewExtension.swift */ = {isa = PBXFileReference; fileEncoding = 4; lastKnownFileType = sourcecode.swift; path = UITableViewExtension.swift; sourceTree = "<group>"; };
		912A71681D8D2DB10064275A /* DisplayToDoTableViewCell.swift */ = {isa = PBXFileReference; fileEncoding = 4; lastKnownFileType = sourcecode.swift; path = DisplayToDoTableViewCell.swift; sourceTree = "<group>"; };
		918680891D88C24C00CF5187 /* LetToDo.app */ = {isa = PBXFileReference; explicitFileType = wrapper.application; includeInIndex = 0; path = LetToDo.app; sourceTree = BUILT_PRODUCTS_DIR; };
		9186808C1D88C24C00CF5187 /* AppDelegate.swift */ = {isa = PBXFileReference; lastKnownFileType = sourcecode.swift; path = AppDelegate.swift; sourceTree = "<group>"; };
		918680911D88C24C00CF5187 /* Base */ = {isa = PBXFileReference; lastKnownFileType = file.storyboard; name = Base; path = Base.lproj/Main.storyboard; sourceTree = "<group>"; };
		918680931D88C24C00CF5187 /* Assets.xcassets */ = {isa = PBXFileReference; lastKnownFileType = folder.assetcatalog; path = Assets.xcassets; sourceTree = "<group>"; };
		918680961D88C24C00CF5187 /* Base */ = {isa = PBXFileReference; lastKnownFileType = file.storyboard; name = Base; path = Base.lproj/LaunchScreen.storyboard; sourceTree = "<group>"; };
		918680981D88C24C00CF5187 /* Info.plist */ = {isa = PBXFileReference; lastKnownFileType = text.plist.xml; path = Info.plist; sourceTree = "<group>"; };
		91C873301D8BC89000FA2EF2 /* ColorsDefine.swift */ = {isa = PBXFileReference; fileEncoding = 4; lastKnownFileType = sourcecode.swift; path = ColorsDefine.swift; sourceTree = "<group>"; };
		91C873311D8BC89000FA2EF2 /* ImageDefine.swift */ = {isa = PBXFileReference; fileEncoding = 4; lastKnownFileType = sourcecode.swift; path = ImageDefine.swift; sourceTree = "<group>"; };
		91C873321D8BC89000FA2EF2 /* StoryboardDefine.swift */ = {isa = PBXFileReference; fileEncoding = 4; lastKnownFileType = sourcecode.swift; path = StoryboardDefine.swift; sourceTree = "<group>"; };
		91C873381D8BE6E000FA2EF2 /* RxSwift.framework */ = {isa = PBXFileReference; lastKnownFileType = wrapper.framework; name = RxSwift.framework; path = Carthage/Build/iOS/RxSwift.framework; sourceTree = "<group>"; };
		91C873391D8BE6E000FA2EF2 /* RxCocoa.framework */ = {isa = PBXFileReference; lastKnownFileType = wrapper.framework; name = RxCocoa.framework; path = Carthage/Build/iOS/RxCocoa.framework; sourceTree = "<group>"; };
		91C8733A1D8BE6E000FA2EF2 /* Realm.framework */ = {isa = PBXFileReference; lastKnownFileType = wrapper.framework; name = Realm.framework; path = Carthage/Build/iOS/Realm.framework; sourceTree = "<group>"; };
		91C8733B1D8BE6E000FA2EF2 /* RealmSwift.framework */ = {isa = PBXFileReference; lastKnownFileType = wrapper.framework; name = RealmSwift.framework; path = Carthage/Build/iOS/RealmSwift.framework; sourceTree = "<group>"; };
		91C873421D8BEDC000FA2EF2 /* AddToDoTableViewCell.swift */ = {isa = PBXFileReference; fileEncoding = 4; lastKnownFileType = sourcecode.swift; path = AddToDoTableViewCell.swift; sourceTree = "<group>"; };
		91C873451D8C16E600FA2EF2 /* UITextFieldExtension.swift */ = {isa = PBXFileReference; fileEncoding = 4; lastKnownFileType = sourcecode.swift; path = UITextFieldExtension.swift; sourceTree = "<group>"; };
		91D7011B1D8CCA3C006E5741 /* HomeTableViewVM.swift */ = {isa = PBXFileReference; fileEncoding = 4; lastKnownFileType = sourcecode.swift; path = HomeTableViewVM.swift; sourceTree = "<group>"; };
		91DA7E1C1D8AE1FC00E1C38E /* HomeTableViewController.swift */ = {isa = PBXFileReference; fileEncoding = 4; lastKnownFileType = sourcecode.swift; path = HomeTableViewController.swift; sourceTree = "<group>"; };
/* End PBXFileReference section */

/* Begin PBXFrameworksBuildPhase section */
		918680861D88C24C00CF5187 /* Frameworks */ = {
			isa = PBXFrameworksBuildPhase;
			buildActionMask = 2147483647;
			files = (
				910DC3601D8CD8910023D906 /* RxDataSources.framework in Frameworks */,
				91C8733C1D8BE6E000FA2EF2 /* RxSwift.framework in Frameworks */,
				91C8733D1D8BE6E000FA2EF2 /* RxCocoa.framework in Frameworks */,
				91C8733E1D8BE6E000FA2EF2 /* Realm.framework in Frameworks */,
				91C8733F1D8BE6E000FA2EF2 /* RealmSwift.framework in Frameworks */,
			);
			runOnlyForDeploymentPostprocessing = 0;
		};
/* End PBXFrameworksBuildPhase section */

/* Begin PBXGroup section */
		918680801D88C24C00CF5187 = {
			isa = PBXGroup;
			children = (
				9186808B1D88C24C00CF5187 /* LetToDo */,
				9186808A1D88C24C00CF5187 /* Products */,
				91C873371D8BE6E000FA2EF2 /* Frameworks */,
			);
			sourceTree = "<group>";
		};
		9186808A1D88C24C00CF5187 /* Products */ = {
			isa = PBXGroup;
			children = (
				918680891D88C24C00CF5187 /* LetToDo.app */,
			);
			name = Products;
			sourceTree = "<group>";
		};
		9186808B1D88C24C00CF5187 /* LetToDo */ = {
			isa = PBXGroup;
			children = (
				91C873361D8BCFDC00FA2EF2 /* Protocol */,
				91C8732D1D8BC38E00FA2EF2 /* Define */,
				91C8732C1D8BBFD100FA2EF2 /* Extensions */,
				91DA7E1B1D8AE1D700E1C38E /* Home */,
				9186808C1D88C24C00CF5187 /* AppDelegate.swift */,
				918680901D88C24C00CF5187 /* Main.storyboard */,
				918680931D88C24C00CF5187 /* Assets.xcassets */,
				918680951D88C24C00CF5187 /* LaunchScreen.storyboard */,
				918680981D88C24C00CF5187 /* Info.plist */,
			);
			path = LetToDo;
			sourceTree = "<group>";
		};
		91C8732C1D8BBFD100FA2EF2 /* Extensions */ = {
			isa = PBXGroup;
			children = (
				91C873451D8C16E600FA2EF2 /* UITextFieldExtension.swift */,
				912A71661D8D283E0064275A /* UITableViewExtension.swift */,
			);
			path = Extensions;
			sourceTree = "<group>";
		};
		91C8732D1D8BC38E00FA2EF2 /* Define */ = {
			isa = PBXGroup;
			children = (
				91C873301D8BC89000FA2EF2 /* ColorsDefine.swift */,
				91C873311D8BC89000FA2EF2 /* ImageDefine.swift */,
				91C873321D8BC89000FA2EF2 /* StoryboardDefine.swift */,
			);
			path = Define;
			sourceTree = "<group>";
		};
		91C873361D8BCFDC00FA2EF2 /* Protocol */ = {
			isa = PBXGroup;
			children = (
			);
			name = Protocol;
			path = Procotol;
			sourceTree = "<group>";
		};
		91C873371D8BE6E000FA2EF2 /* Frameworks */ = {
			isa = PBXGroup;
			children = (
				910DC35F1D8CD8910023D906 /* RxDataSources.framework */,
				91C873381D8BE6E000FA2EF2 /* RxSwift.framework */,
				91C873391D8BE6E000FA2EF2 /* RxCocoa.framework */,
				91C8733A1D8BE6E000FA2EF2 /* Realm.framework */,
				91C8733B1D8BE6E000FA2EF2 /* RealmSwift.framework */,
			);
			name = Frameworks;
			sourceTree = "<group>";
		};
		91C873411D8BED9A00FA2EF2 /* View */ = {
			isa = PBXGroup;
			children = (
				91C873421D8BEDC000FA2EF2 /* AddToDoTableViewCell.swift */,
				912A71681D8D2DB10064275A /* DisplayToDoTableViewCell.swift */,
			);
			path = View;
			sourceTree = "<group>";
		};
		91D7011A1D8CC9F3006E5741 /* ViewModel */ = {
			isa = PBXGroup;
			children = (
				91D7011B1D8CCA3C006E5741 /* HomeTableViewVM.swift */,
			);
			path = ViewModel;
			sourceTree = "<group>";
		};
		91DA7E1B1D8AE1D700E1C38E /* Home */ = {
			isa = PBXGroup;
			children = (
				91D7011A1D8CC9F3006E5741 /* ViewModel */,
				91C873411D8BED9A00FA2EF2 /* View */,
				91DA7E1C1D8AE1FC00E1C38E /* HomeTableViewController.swift */,
			);
			path = Home;
			sourceTree = "<group>";
		};
/* End PBXGroup section */

/* Begin PBXNativeTarget section */
		918680881D88C24C00CF5187 /* LetToDo */ = {
			isa = PBXNativeTarget;
			buildConfigurationList = 9186809B1D88C24C00CF5187 /* Build configuration list for PBXNativeTarget "LetToDo" */;
			buildPhases = (
				918680851D88C24C00CF5187 /* Sources */,
				918680861D88C24C00CF5187 /* Frameworks */,
				918680871D88C24C00CF5187 /* Resources */,
				91C873401D8BE7FA00FA2EF2 /* ShellScript */,
			);
			buildRules = (
			);
			dependencies = (
			);
			name = LetToDo;
			productName = LetToDo;
			productReference = 918680891D88C24C00CF5187 /* LetToDo.app */;
			productType = "com.apple.product-type.application";
		};
/* End PBXNativeTarget section */

/* Begin PBXProject section */
		918680811D88C24C00CF5187 /* Project object */ = {
			isa = PBXProject;
			attributes = {
				LastSwiftUpdateCheck = 0800;
				LastUpgradeCheck = 0800;
				ORGANIZATIONNAME = xuemincai;
				TargetAttributes = {
					918680881D88C24C00CF5187 = {
						CreatedOnToolsVersion = 8.0;
						DevelopmentTeam = JZ264TB6A5;
						LastSwiftMigration = 0800;
						ProvisioningStyle = Automatic;
					};
				};
			};
			buildConfigurationList = 918680841D88C24C00CF5187 /* Build configuration list for PBXProject "LetToDo" */;
			compatibilityVersion = "Xcode 3.2";
			developmentRegion = English;
			hasScannedForEncodings = 0;
			knownRegions = (
				en,
				Base,
			);
			mainGroup = 918680801D88C24C00CF5187;
			productRefGroup = 9186808A1D88C24C00CF5187 /* Products */;
			projectDirPath = "";
			projectRoot = "";
			targets = (
				918680881D88C24C00CF5187 /* LetToDo */,
			);
		};
/* End PBXProject section */

/* Begin PBXResourcesBuildPhase section */
		918680871D88C24C00CF5187 /* Resources */ = {
			isa = PBXResourcesBuildPhase;
			buildActionMask = 2147483647;
			files = (
				918680971D88C24C00CF5187 /* LaunchScreen.storyboard in Resources */,
				918680941D88C24C00CF5187 /* Assets.xcassets in Resources */,
				918680921D88C24C00CF5187 /* Main.storyboard in Resources */,
			);
			runOnlyForDeploymentPostprocessing = 0;
		};
/* End PBXResourcesBuildPhase section */

/* Begin PBXShellScriptBuildPhase section */
		91C873401D8BE7FA00FA2EF2 /* ShellScript */ = {
			isa = PBXShellScriptBuildPhase;
			buildActionMask = 2147483647;
			files = (
			);
			inputPaths = (
				"$(SRCROOT)/Carthage/Build/iOS/Realm.framework",
				"$(SRCROOT)/Carthage/Build/iOS/RealmSwift.framework",
				"$(SRCROOT)/Carthage/Build/iOS/RxCocoa.framework",
				"$(SRCROOT)/Carthage/Build/iOS/RxSwift.framework",
				"$(SRCROOT)/Carthage/Build/iOS/RxDataSources.framework",
			);
			outputPaths = (
			);
			runOnlyForDeploymentPostprocessing = 0;
			shellPath = /bin/sh;
			shellScript = "/usr/local/bin/carthage copy-frameworks";
		};
/* End PBXShellScriptBuildPhase section */

/* Begin PBXSourcesBuildPhase section */
		918680851D88C24C00CF5187 /* Sources */ = {
			isa = PBXSourcesBuildPhase;
			buildActionMask = 2147483647;
			files = (
				91DA7E1D1D8AE1FC00E1C38E /* HomeTableViewController.swift in Sources */,
				91C873431D8BEDC000FA2EF2 /* AddToDoTableViewCell.swift in Sources */,
				912A71691D8D2DB10064275A /* DisplayToDoTableViewCell.swift in Sources */,
				91C873461D8C16E600FA2EF2 /* UITextFieldExtension.swift in Sources */,
				9186808D1D88C24C00CF5187 /* AppDelegate.swift in Sources */,
				91C873351D8BC89000FA2EF2 /* StoryboardDefine.swift in Sources */,
				91C873341D8BC89000FA2EF2 /* ImageDefine.swift in Sources */,
				912A71671D8D283E0064275A /* UITableViewExtension.swift in Sources */,
				91C873331D8BC89000FA2EF2 /* ColorsDefine.swift in Sources */,
				91D7011C1D8CCA3C006E5741 /* HomeTableViewVM.swift in Sources */,
			);
			runOnlyForDeploymentPostprocessing = 0;
		};
/* End PBXSourcesBuildPhase section */

/* Begin PBXVariantGroup section */
		918680901D88C24C00CF5187 /* Main.storyboard */ = {
			isa = PBXVariantGroup;
			children = (
				918680911D88C24C00CF5187 /* Base */,
			);
			name = Main.storyboard;
			sourceTree = "<group>";
		};
		918680951D88C24C00CF5187 /* LaunchScreen.storyboard */ = {
			isa = PBXVariantGroup;
			children = (
				918680961D88C24C00CF5187 /* Base */,
			);
			name = LaunchScreen.storyboard;
			sourceTree = "<group>";
		};
/* End PBXVariantGroup section */

/* Begin XCBuildConfiguration section */
		918680991D88C24C00CF5187 /* Debug */ = {
			isa = XCBuildConfiguration;
			buildSettings = {
				ALWAYS_SEARCH_USER_PATHS = NO;
				CLANG_ANALYZER_NONNULL = YES;
				CLANG_CXX_LANGUAGE_STANDARD = "gnu++0x";
				CLANG_CXX_LIBRARY = "libc++";
				CLANG_ENABLE_MODULES = YES;
				CLANG_ENABLE_OBJC_ARC = YES;
				CLANG_WARN_BOOL_CONVERSION = YES;
				CLANG_WARN_CONSTANT_CONVERSION = YES;
				CLANG_WARN_DIRECT_OBJC_ISA_USAGE = YES_ERROR;
				CLANG_WARN_DOCUMENTATION_COMMENTS = YES;
				CLANG_WARN_EMPTY_BODY = YES;
				CLANG_WARN_ENUM_CONVERSION = YES;
				CLANG_WARN_INFINITE_RECURSION = YES;
				CLANG_WARN_INT_CONVERSION = YES;
				CLANG_WARN_OBJC_ROOT_CLASS = YES_ERROR;
				CLANG_WARN_SUSPICIOUS_MOVES = YES;
				CLANG_WARN_UNREACHABLE_CODE = YES;
				CLANG_WARN__DUPLICATE_METHOD_MATCH = YES;
				"CODE_SIGN_IDENTITY[sdk=iphoneos*]" = "iPhone Developer";
				COPY_PHASE_STRIP = NO;
				DEBUG_INFORMATION_FORMAT = dwarf;
				ENABLE_STRICT_OBJC_MSGSEND = YES;
				ENABLE_TESTABILITY = YES;
				GCC_C_LANGUAGE_STANDARD = gnu99;
				GCC_DYNAMIC_NO_PIC = NO;
				GCC_NO_COMMON_BLOCKS = YES;
				GCC_OPTIMIZATION_LEVEL = 0;
				GCC_PREPROCESSOR_DEFINITIONS = (
					"DEBUG=1",
					"$(inherited)",
				);
				GCC_WARN_64_TO_32_BIT_CONVERSION = YES;
				GCC_WARN_ABOUT_RETURN_TYPE = YES_ERROR;
				GCC_WARN_UNDECLARED_SELECTOR = YES;
				GCC_WARN_UNINITIALIZED_AUTOS = YES_AGGRESSIVE;
				GCC_WARN_UNUSED_FUNCTION = YES;
				GCC_WARN_UNUSED_VARIABLE = YES;
				IPHONEOS_DEPLOYMENT_TARGET = 8.0;
				MTL_ENABLE_DEBUG_INFO = YES;
				ONLY_ACTIVE_ARCH = YES;
				SDKROOT = iphoneos;
				SWIFT_ACTIVE_COMPILATION_CONDITIONS = DEBUG;
				SWIFT_OPTIMIZATION_LEVEL = "-Onone";
			};
			name = Debug;
		};
		9186809A1D88C24C00CF5187 /* Release */ = {
			isa = XCBuildConfiguration;
			buildSettings = {
				ALWAYS_SEARCH_USER_PATHS = NO;
				CLANG_ANALYZER_NONNULL = YES;
				CLANG_CXX_LANGUAGE_STANDARD = "gnu++0x";
				CLANG_CXX_LIBRARY = "libc++";
				CLANG_ENABLE_MODULES = YES;
				CLANG_ENABLE_OBJC_ARC = YES;
				CLANG_WARN_BOOL_CONVERSION = YES;
				CLANG_WARN_CONSTANT_CONVERSION = YES;
				CLANG_WARN_DIRECT_OBJC_ISA_USAGE = YES_ERROR;
				CLANG_WARN_DOCUMENTATION_COMMENTS = YES;
				CLANG_WARN_EMPTY_BODY = YES;
				CLANG_WARN_ENUM_CONVERSION = YES;
				CLANG_WARN_INFINITE_RECURSION = YES;
				CLANG_WARN_INT_CONVERSION = YES;
				CLANG_WARN_OBJC_ROOT_CLASS = YES_ERROR;
				CLANG_WARN_SUSPICIOUS_MOVES = YES;
				CLANG_WARN_UNREACHABLE_CODE = YES;
				CLANG_WARN__DUPLICATE_METHOD_MATCH = YES;
				"CODE_SIGN_IDENTITY[sdk=iphoneos*]" = "iPhone Developer";
				COPY_PHASE_STRIP = NO;
				DEBUG_INFORMATION_FORMAT = "dwarf-with-dsym";
				ENABLE_NS_ASSERTIONS = NO;
				ENABLE_STRICT_OBJC_MSGSEND = YES;
				GCC_C_LANGUAGE_STANDARD = gnu99;
				GCC_NO_COMMON_BLOCKS = YES;
				GCC_WARN_64_TO_32_BIT_CONVERSION = YES;
				GCC_WARN_ABOUT_RETURN_TYPE = YES_ERROR;
				GCC_WARN_UNDECLARED_SELECTOR = YES;
				GCC_WARN_UNINITIALIZED_AUTOS = YES_AGGRESSIVE;
				GCC_WARN_UNUSED_FUNCTION = YES;
				GCC_WARN_UNUSED_VARIABLE = YES;
				IPHONEOS_DEPLOYMENT_TARGET = 8.0;
				MTL_ENABLE_DEBUG_INFO = NO;
				SDKROOT = iphoneos;
				SWIFT_OPTIMIZATION_LEVEL = "-Owholemodule";
				VALIDATE_PRODUCT = YES;
			};
			name = Release;
		};
		9186809C1D88C24C00CF5187 /* Debug */ = {
			isa = XCBuildConfiguration;
			buildSettings = {
				ASSETCATALOG_COMPILER_APPICON_NAME = AppIcon;
				DEVELOPMENT_TEAM = JZ264TB6A5;
				FRAMEWORK_SEARCH_PATHS = (
					"$(inherited)",
					"$(PROJECT_DIR)/Carthage/Build/iOS",
				);
				INFOPLIST_FILE = LetToDo/Info.plist;
				LD_RUNPATH_SEARCH_PATHS = "$(inherited) @executable_path/Frameworks";
				PRODUCT_BUNDLE_IDENTIFIER = xuemincai.LetToDo;
				PRODUCT_NAME = "$(TARGET_NAME)";
				SWIFT_VERSION = 3.0;
			};
			name = Debug;
		};
		9186809D1D88C24C00CF5187 /* Release */ = {
			isa = XCBuildConfiguration;
			buildSettings = {
				ASSETCATALOG_COMPILER_APPICON_NAME = AppIcon;
				DEVELOPMENT_TEAM = JZ264TB6A5;
				FRAMEWORK_SEARCH_PATHS = (
					"$(inherited)",
					"$(PROJECT_DIR)/Carthage/Build/iOS",
				);
				INFOPLIST_FILE = LetToDo/Info.plist;
				LD_RUNPATH_SEARCH_PATHS = "$(inherited) @executable_path/Frameworks";
				PRODUCT_BUNDLE_IDENTIFIER = xuemincai.LetToDo;
				PRODUCT_NAME = "$(TARGET_NAME)";
				SWIFT_VERSION = 3.0;
			};
			name = Release;
		};
/* End XCBuildConfiguration section */

/* Begin XCConfigurationList section */
		918680841D88C24C00CF5187 /* Build configuration list for PBXProject "LetToDo" */ = {
			isa = XCConfigurationList;
			buildConfigurations = (
				918680991D88C24C00CF5187 /* Debug */,
				9186809A1D88C24C00CF5187 /* Release */,
			);
			defaultConfigurationIsVisible = 0;
			defaultConfigurationName = Release;
		};
		9186809B1D88C24C00CF5187 /* Build configuration list for PBXNativeTarget "LetToDo" */ = {
			isa = XCConfigurationList;
			buildConfigurations = (
				9186809C1D88C24C00CF5187 /* Debug */,
				9186809D1D88C24C00CF5187 /* Release */,
			);
			defaultConfigurationIsVisible = 0;
			defaultConfigurationName = Release;
		};
/* End XCConfigurationList section */
	};
	rootObject = 918680811D88C24C00CF5187 /* Project object */;
}
